
Microsoft Visual Studio Solution File, Format Version 12.00
# Visual Studio Version 16
VisualStudioVersion = 16.0.31507.150
MinimumVisualStudioVersion = 10.0.40219.1
Project("{2150E333-8FDC-42A3-9474-1A3956D46DE8}") = "Solution Items", "Solution Items", "{A7020CA9-3573-4325-AF67-99AF110209A4}"
	ProjectSection(SolutionItems) = preProject
		.editorconfig = .editorconfig
		identity-server.conf = identity-server.conf
		README.md = README.md
	EndProjectSection
EndProject
Project("{E53339B2-1760-4266-BCC7-CA923CBCF16C}") = "docker-compose", "docker-compose.dcproj", "{2FEA7954-F8A8-45B3-9F42-B2B4A788DE88}"
EndProject
Project("{9A19103F-16F7-4668-BE54-9A1E7A4F7556}") = "Ids.Web", "src\Ids.Web\Ids.Web.csproj", "{ABA1497B-0663-489F-87DE-0526B30F8FD1}"
EndProject
Global
	GlobalSection(SolutionConfigurationPlatforms) = preSolution
		Debug|Any CPU = Debug|Any CPU
		Release|Any CPU = Release|Any CPU
	EndGlobalSection
	GlobalSection(ProjectConfigurationPlatforms) = postSolution
		{2FEA7954-F8A8-45B3-9F42-B2B4A788DE88}.Debug|Any CPU.ActiveCfg = Debug|Any CPU
		{2FEA7954-F8A8-45B3-9F42-B2B4A788DE88}.Debug|Any CPU.Build.0 = Debug|Any CPU
		{2FEA7954-F8A8-45B3-9F42-B2B4A788DE88}.Release|Any CPU.ActiveCfg = Release|Any CPU
		{2FEA7954-F8A8-45B3-9F42-B2B4A788DE88}.Release|Any CPU.Build.0 = Release|Any CPU
		{ABA1497B-0663-489F-87DE-0526B30F8FD1}.Debug|Any CPU.ActiveCfg = Debug|Any CPU
		{ABA1497B-0663-489F-87DE-0526B30F8FD1}.Debug|Any CPU.Build.0 = Debug|Any CPU
		{ABA1497B-0663-489F-87DE-0526B30F8FD1}.Release|Any CPU.ActiveCfg = Release|Any CPU
		{ABA1497B-0663-489F-87DE-0526B30F8FD1}.Release|Any CPU.Build.0 = Release|Any CPU
	EndGlobalSection
	GlobalSection(SolutionProperties) = preSolution
		HideSolutionNode = FALSE
	EndGlobalSection
	GlobalSection(NestedProjects) = preSolution
		{2FEA7954-F8A8-45B3-9F42-B2B4A788DE88} = {A7020CA9-3573-4325-AF67-99AF110209A4}
	EndGlobalSection
	GlobalSection(ExtensibilityGlobals) = postSolution
		SolutionGuid = {F3F82D7B-6728-402B-868F-A9A09F941CBE}
	EndGlobalSection
EndGlobal
